
Microsoft Visual Studio Solution File, Format Version 12.00
# Visual Studio Version 17
VisualStudioVersion = 17.0.31903.59
MinimumVisualStudioVersion = 10.0.40219.1
Project("{FAE04EC0-301F-11D3-BF4B-00C04F79EFBC}") = "Recipes.AppHost", "Recipes.AppHost\Recipes.AppHost.csproj", "{7B649C19-9EC4-4170-AD16-6DFC875878D0}"
EndProject
Project("{FAE04EC0-301F-11D3-BF4B-00C04F79EFBC}") = "Recipes.Api", "Recipes.Api\Recipes.Api.csproj", "{EB5DBB3D-55B3-4D1C-9636-2FA1402A1D16}"
EndProject
Global
	GlobalSection(SolutionConfigurationPlatforms) = preSolution
		Debug|Any CPU = Debug|Any CPU
		Release|Any CPU = Release|Any CPU
	EndGlobalSection
	GlobalSection(SolutionProperties) = preSolution
		HideSolutionNode = FALSE
	EndGlobalSection
	GlobalSection(ProjectConfigurationPlatforms) = postSolution
		{7B649C19-9EC4-4170-AD16-6DFC875878D0}.Debug|Any CPU.ActiveCfg = Debug|Any CPU
		{7B649C19-9EC4-4170-AD16-6DFC875878D0}.Debug|Any CPU.Build.0 = Debug|Any CPU
		{7B649C19-9EC4-4170-AD16-6DFC875878D0}.Release|Any CPU.ActiveCfg = Release|Any CPU
		{7B649C19-9EC4-4170-AD16-6DFC875878D0}.Release|Any CPU.Build.0 = Release|Any CPU
		{EB5DBB3D-55B3-4D1C-9636-2FA1402A1D16}.Debug|Any CPU.ActiveCfg = Debug|Any CPU
		{EB5DBB3D-55B3-4D1C-9636-2FA1402A1D16}.Debug|Any CPU.Build.0 = Debug|Any CPU
		{EB5DBB3D-55B3-4D1C-9636-2FA1402A1D16}.Release|Any CPU.ActiveCfg = Release|Any CPU
		{EB5DBB3D-55B3-4D1C-9636-2FA1402A1D16}.Release|Any CPU.Build.0 = Release|Any CPU
	EndGlobalSection
EndGlobal
